
Microsoft Visual Studio Solution File, Format Version 11.00
# Visual Studio 2010
Project("{FAE04EC0-301F-11D3-BF4B-00C04F79EFBC}") = "Siege.Arsenal", "Siege.Arsenal\Siege.Arsenal.csproj", "{2EDF2E1D-C65C-4246-99A8-217B7CB38810}"
EndProject
Project("{FAE04EC0-301F-11D3-BF4B-00C04F79EFBC}") = "Siege.Arsenal.Tests", "Siege.Arsenal.Tests\Siege.Arsenal.Tests.csproj", "{9AF0AB00-BD4E-4C76-ACCD-0F33E15F9ADF}"
EndProject
Global
	GlobalSection(SolutionConfigurationPlatforms) = preSolution
		Debug|Any CPU = Debug|Any CPU
		Release|Any CPU = Release|Any CPU
	EndGlobalSection
	GlobalSection(ProjectConfigurationPlatforms) = postSolution
		{2EDF2E1D-C65C-4246-99A8-217B7CB38810}.Debug|Any CPU.ActiveCfg = Debug|Any CPU
		{2EDF2E1D-C65C-4246-99A8-217B7CB38810}.Debug|Any CPU.Build.0 = Debug|Any CPU
		{2EDF2E1D-C65C-4246-99A8-217B7CB38810}.Release|Any CPU.ActiveCfg = Release|Any CPU
		{2EDF2E1D-C65C-4246-99A8-217B7CB38810}.Release|Any CPU.Build.0 = Release|Any CPU
		{9AF0AB00-BD4E-4C76-ACCD-0F33E15F9ADF}.Debug|Any CPU.ActiveCfg = Debug|Any CPU
		{9AF0AB00-BD4E-4C76-ACCD-0F33E15F9ADF}.Debug|Any CPU.Build.0 = Debug|Any CPU
		{9AF0AB00-BD4E-4C76-ACCD-0F33E15F9ADF}.Release|Any CPU.ActiveCfg = Release|Any CPU
		{9AF0AB00-BD4E-4C76-ACCD-0F33E15F9ADF}.Release|Any CPU.Build.0 = Release|Any CPU
	EndGlobalSection
	GlobalSection(SolutionProperties) = preSolution
		HideSolutionNode = FALSE
	EndGlobalSection
EndGlobal
