
Microsoft Visual Studio Solution File, Format Version 11.00
# Visual Studio 2010
Project("{FAE04EC0-301F-11D3-BF4B-00C04F79EFBC}") = "Siege.Courier", "Siege.Courier\Siege.Courier.csproj", "{F69A060A-DA93-439D-94C3-1B82F72C347D}"
EndProject
Project("{FAE04EC0-301F-11D3-BF4B-00C04F79EFBC}") = "Courier Sample", "Courier Sample\Courier Sample.csproj", "{3AC5E5B1-6994-4617-9A42-2BCD9FD56052}"
EndProject
Project("{FAE04EC0-301F-11D3-BF4B-00C04F79EFBC}") = "Siege.Courier.Web", "Siege.Courier.Web\Siege.Courier.Web.csproj", "{15ED8965-6655-4415-AE09-FFAEE8FC4444}"
EndProject
Project("{FAE04EC0-301F-11D3-BF4B-00C04F79EFBC}") = "Siege.Courier.WCF", "Siege.Courier.WCF\Siege.Courier.WCF.csproj", "{565AA9CD-6896-49DD-8472-EB128BED7064}"
EndProject
Global
	GlobalSection(SolutionConfigurationPlatforms) = preSolution
		Debug|Any CPU = Debug|Any CPU
		Release|Any CPU = Release|Any CPU
	EndGlobalSection
	GlobalSection(ProjectConfigurationPlatforms) = postSolution
		{F69A060A-DA93-439D-94C3-1B82F72C347D}.Debug|Any CPU.ActiveCfg = Debug|Any CPU
		{F69A060A-DA93-439D-94C3-1B82F72C347D}.Debug|Any CPU.Build.0 = Debug|Any CPU
		{F69A060A-DA93-439D-94C3-1B82F72C347D}.Release|Any CPU.ActiveCfg = Release|Any CPU
		{F69A060A-DA93-439D-94C3-1B82F72C347D}.Release|Any CPU.Build.0 = Release|Any CPU
		{3AC5E5B1-6994-4617-9A42-2BCD9FD56052}.Debug|Any CPU.ActiveCfg = Debug|Any CPU
		{3AC5E5B1-6994-4617-9A42-2BCD9FD56052}.Debug|Any CPU.Build.0 = Debug|Any CPU
		{3AC5E5B1-6994-4617-9A42-2BCD9FD56052}.Release|Any CPU.ActiveCfg = Release|Any CPU
		{3AC5E5B1-6994-4617-9A42-2BCD9FD56052}.Release|Any CPU.Build.0 = Release|Any CPU
		{15ED8965-6655-4415-AE09-FFAEE8FC4444}.Debug|Any CPU.ActiveCfg = Debug|Any CPU
		{15ED8965-6655-4415-AE09-FFAEE8FC4444}.Debug|Any CPU.Build.0 = Debug|Any CPU
		{15ED8965-6655-4415-AE09-FFAEE8FC4444}.Release|Any CPU.ActiveCfg = Release|Any CPU
		{15ED8965-6655-4415-AE09-FFAEE8FC4444}.Release|Any CPU.Build.0 = Release|Any CPU
		{565AA9CD-6896-49DD-8472-EB128BED7064}.Debug|Any CPU.ActiveCfg = Debug|Any CPU
		{565AA9CD-6896-49DD-8472-EB128BED7064}.Debug|Any CPU.Build.0 = Debug|Any CPU
		{565AA9CD-6896-49DD-8472-EB128BED7064}.Release|Any CPU.ActiveCfg = Release|Any CPU
		{565AA9CD-6896-49DD-8472-EB128BED7064}.Release|Any CPU.Build.0 = Release|Any CPU
	EndGlobalSection
	GlobalSection(SolutionProperties) = preSolution
		HideSolutionNode = FALSE
	EndGlobalSection
EndGlobal
