
Microsoft Visual Studio Solution File, Format Version 11.00
# Visual Studio 2010
Project("{FAE04EC0-301F-11D3-BF4B-00C04F79EFBC}") = "Siege.Courier", "Siege.Courier\Siege.Courier.csproj", "{F69A060A-DA93-439D-94C3-1B82F72C347D}"
EndProject
Project("{FAE04EC0-301F-11D3-BF4B-00C04F79EFBC}") = "Courier Sample", "Courier Sample\Courier Sample.csproj", "{3AC5E5B1-6994-4617-9A42-2BCD9FD56052}"
EndProject
Project("{FAE04EC0-301F-11D3-BF4B-00C04F79EFBC}") = "Siege.Courier.Web", "Siege.Courier.Web\Siege.Courier.Web.csproj", "{15ED8965-6655-4415-AE09-FFAEE8FC4444}"
EndProject
Project("{FAE04EC0-301F-11D3-BF4B-00C04F79EFBC}") = "Siege.Courier.WCF", "Siege.Courier.WCF\Siege.Courier.WCF.csproj", "{565AA9CD-6896-49DD-8472-EB128BED7064}"
EndProject
Project("{FAE04EC0-301F-11D3-BF4B-00C04F79EFBC}") = "CourierApp", "CourierApp\CourierApp.csproj", "{9D850B3B-E19D-4DDE-BEA5-1069AA1AA92D}"
EndProject
Project("{FAE04EC0-301F-11D3-BF4B-00C04F79EFBC}") = "Courier.Sample.Messages", "Courier.Sample.Messages\Courier.Sample.Messages.csproj", "{5B3DF88C-A673-4D0A-A242-80FC09F54665}"
EndProject
Project("{FAE04EC0-301F-11D3-BF4B-00C04F79EFBC}") = "Siege.Courier.WindowsServices", "Siege.Courier.WindowsServices\Siege.Courier.WindowsServices.csproj", "{27FEC72B-9BC7-4622-9DBF-D6FB41F85DE2}"
EndProject
Global
	GlobalSection(SolutionConfigurationPlatforms) = preSolution
		Debug|Any CPU = Debug|Any CPU
		Debug|Mixed Platforms = Debug|Mixed Platforms
		Debug|x86 = Debug|x86
		Release|Any CPU = Release|Any CPU
		Release|Mixed Platforms = Release|Mixed Platforms
		Release|x86 = Release|x86
	EndGlobalSection
	GlobalSection(ProjectConfigurationPlatforms) = postSolution
		{F69A060A-DA93-439D-94C3-1B82F72C347D}.Debug|Any CPU.ActiveCfg = Debug|Any CPU
		{F69A060A-DA93-439D-94C3-1B82F72C347D}.Debug|Any CPU.Build.0 = Debug|Any CPU
		{F69A060A-DA93-439D-94C3-1B82F72C347D}.Debug|Mixed Platforms.ActiveCfg = Debug|Any CPU
		{F69A060A-DA93-439D-94C3-1B82F72C347D}.Debug|Mixed Platforms.Build.0 = Debug|Any CPU
		{F69A060A-DA93-439D-94C3-1B82F72C347D}.Debug|x86.ActiveCfg = Debug|Any CPU
		{F69A060A-DA93-439D-94C3-1B82F72C347D}.Release|Any CPU.ActiveCfg = Release|Any CPU
		{F69A060A-DA93-439D-94C3-1B82F72C347D}.Release|Any CPU.Build.0 = Release|Any CPU
		{F69A060A-DA93-439D-94C3-1B82F72C347D}.Release|Mixed Platforms.ActiveCfg = Release|Any CPU
		{F69A060A-DA93-439D-94C3-1B82F72C347D}.Release|Mixed Platforms.Build.0 = Release|Any CPU
		{F69A060A-DA93-439D-94C3-1B82F72C347D}.Release|x86.ActiveCfg = Release|Any CPU
		{3AC5E5B1-6994-4617-9A42-2BCD9FD56052}.Debug|Any CPU.ActiveCfg = Debug|Any CPU
		{3AC5E5B1-6994-4617-9A42-2BCD9FD56052}.Debug|Any CPU.Build.0 = Debug|Any CPU
		{3AC5E5B1-6994-4617-9A42-2BCD9FD56052}.Debug|Mixed Platforms.ActiveCfg = Debug|Any CPU
		{3AC5E5B1-6994-4617-9A42-2BCD9FD56052}.Debug|Mixed Platforms.Build.0 = Debug|Any CPU
		{3AC5E5B1-6994-4617-9A42-2BCD9FD56052}.Debug|x86.ActiveCfg = Debug|Any CPU
		{3AC5E5B1-6994-4617-9A42-2BCD9FD56052}.Release|Any CPU.ActiveCfg = Release|Any CPU
		{3AC5E5B1-6994-4617-9A42-2BCD9FD56052}.Release|Any CPU.Build.0 = Release|Any CPU
		{3AC5E5B1-6994-4617-9A42-2BCD9FD56052}.Release|Mixed Platforms.ActiveCfg = Release|Any CPU
		{3AC5E5B1-6994-4617-9A42-2BCD9FD56052}.Release|Mixed Platforms.Build.0 = Release|Any CPU
		{3AC5E5B1-6994-4617-9A42-2BCD9FD56052}.Release|x86.ActiveCfg = Release|Any CPU
		{15ED8965-6655-4415-AE09-FFAEE8FC4444}.Debug|Any CPU.ActiveCfg = Debug|Any CPU
		{15ED8965-6655-4415-AE09-FFAEE8FC4444}.Debug|Any CPU.Build.0 = Debug|Any CPU
		{15ED8965-6655-4415-AE09-FFAEE8FC4444}.Debug|Mixed Platforms.ActiveCfg = Debug|Any CPU
		{15ED8965-6655-4415-AE09-FFAEE8FC4444}.Debug|Mixed Platforms.Build.0 = Debug|Any CPU
		{15ED8965-6655-4415-AE09-FFAEE8FC4444}.Debug|x86.ActiveCfg = Debug|Any CPU
		{15ED8965-6655-4415-AE09-FFAEE8FC4444}.Release|Any CPU.ActiveCfg = Release|Any CPU
		{15ED8965-6655-4415-AE09-FFAEE8FC4444}.Release|Any CPU.Build.0 = Release|Any CPU
		{15ED8965-6655-4415-AE09-FFAEE8FC4444}.Release|Mixed Platforms.ActiveCfg = Release|Any CPU
		{15ED8965-6655-4415-AE09-FFAEE8FC4444}.Release|Mixed Platforms.Build.0 = Release|Any CPU
		{15ED8965-6655-4415-AE09-FFAEE8FC4444}.Release|x86.ActiveCfg = Release|Any CPU
		{565AA9CD-6896-49DD-8472-EB128BED7064}.Debug|Any CPU.ActiveCfg = Debug|Any CPU
		{565AA9CD-6896-49DD-8472-EB128BED7064}.Debug|Any CPU.Build.0 = Debug|Any CPU
		{565AA9CD-6896-49DD-8472-EB128BED7064}.Debug|Mixed Platforms.ActiveCfg = Debug|Any CPU
		{565AA9CD-6896-49DD-8472-EB128BED7064}.Debug|Mixed Platforms.Build.0 = Debug|Any CPU
		{565AA9CD-6896-49DD-8472-EB128BED7064}.Debug|x86.ActiveCfg = Debug|Any CPU
		{565AA9CD-6896-49DD-8472-EB128BED7064}.Release|Any CPU.ActiveCfg = Release|Any CPU
		{565AA9CD-6896-49DD-8472-EB128BED7064}.Release|Any CPU.Build.0 = Release|Any CPU
		{565AA9CD-6896-49DD-8472-EB128BED7064}.Release|Mixed Platforms.ActiveCfg = Release|Any CPU
		{565AA9CD-6896-49DD-8472-EB128BED7064}.Release|Mixed Platforms.Build.0 = Release|Any CPU
		{565AA9CD-6896-49DD-8472-EB128BED7064}.Release|x86.ActiveCfg = Release|Any CPU
		{9D850B3B-E19D-4DDE-BEA5-1069AA1AA92D}.Debug|Any CPU.ActiveCfg = Debug|x86
		{9D850B3B-E19D-4DDE-BEA5-1069AA1AA92D}.Debug|Mixed Platforms.ActiveCfg = Debug|x86
		{9D850B3B-E19D-4DDE-BEA5-1069AA1AA92D}.Debug|Mixed Platforms.Build.0 = Debug|x86
		{9D850B3B-E19D-4DDE-BEA5-1069AA1AA92D}.Debug|x86.ActiveCfg = Debug|x86
		{9D850B3B-E19D-4DDE-BEA5-1069AA1AA92D}.Debug|x86.Build.0 = Debug|x86
		{9D850B3B-E19D-4DDE-BEA5-1069AA1AA92D}.Release|Any CPU.ActiveCfg = Release|x86
		{9D850B3B-E19D-4DDE-BEA5-1069AA1AA92D}.Release|Mixed Platforms.ActiveCfg = Release|x86
		{9D850B3B-E19D-4DDE-BEA5-1069AA1AA92D}.Release|Mixed Platforms.Build.0 = Release|x86
		{9D850B3B-E19D-4DDE-BEA5-1069AA1AA92D}.Release|x86.ActiveCfg = Release|x86
		{9D850B3B-E19D-4DDE-BEA5-1069AA1AA92D}.Release|x86.Build.0 = Release|x86
		{5B3DF88C-A673-4D0A-A242-80FC09F54665}.Debug|Any CPU.ActiveCfg = Debug|Any CPU
		{5B3DF88C-A673-4D0A-A242-80FC09F54665}.Debug|Any CPU.Build.0 = Debug|Any CPU
		{5B3DF88C-A673-4D0A-A242-80FC09F54665}.Debug|Mixed Platforms.ActiveCfg = Debug|Any CPU
		{5B3DF88C-A673-4D0A-A242-80FC09F54665}.Debug|Mixed Platforms.Build.0 = Debug|Any CPU
		{5B3DF88C-A673-4D0A-A242-80FC09F54665}.Debug|x86.ActiveCfg = Debug|Any CPU
		{5B3DF88C-A673-4D0A-A242-80FC09F54665}.Release|Any CPU.ActiveCfg = Release|Any CPU
		{5B3DF88C-A673-4D0A-A242-80FC09F54665}.Release|Any CPU.Build.0 = Release|Any CPU
		{5B3DF88C-A673-4D0A-A242-80FC09F54665}.Release|Mixed Platforms.ActiveCfg = Release|Any CPU
		{5B3DF88C-A673-4D0A-A242-80FC09F54665}.Release|Mixed Platforms.Build.0 = Release|Any CPU
		{5B3DF88C-A673-4D0A-A242-80FC09F54665}.Release|x86.ActiveCfg = Release|Any CPU
		{27FEC72B-9BC7-4622-9DBF-D6FB41F85DE2}.Debug|Any CPU.ActiveCfg = Debug|Any CPU
		{27FEC72B-9BC7-4622-9DBF-D6FB41F85DE2}.Debug|Any CPU.Build.0 = Debug|Any CPU
		{27FEC72B-9BC7-4622-9DBF-D6FB41F85DE2}.Debug|Mixed Platforms.ActiveCfg = Debug|Any CPU
		{27FEC72B-9BC7-4622-9DBF-D6FB41F85DE2}.Debug|Mixed Platforms.Build.0 = Debug|Any CPU
		{27FEC72B-9BC7-4622-9DBF-D6FB41F85DE2}.Debug|x86.ActiveCfg = Debug|Any CPU
		{27FEC72B-9BC7-4622-9DBF-D6FB41F85DE2}.Release|Any CPU.ActiveCfg = Release|Any CPU
		{27FEC72B-9BC7-4622-9DBF-D6FB41F85DE2}.Release|Any CPU.Build.0 = Release|Any CPU
		{27FEC72B-9BC7-4622-9DBF-D6FB41F85DE2}.Release|Mixed Platforms.ActiveCfg = Release|Any CPU
		{27FEC72B-9BC7-4622-9DBF-D6FB41F85DE2}.Release|Mixed Platforms.Build.0 = Release|Any CPU
		{27FEC72B-9BC7-4622-9DBF-D6FB41F85DE2}.Release|x86.ActiveCfg = Release|Any CPU
	EndGlobalSection
	GlobalSection(SolutionProperties) = preSolution
		HideSolutionNode = FALSE
	EndGlobalSection
EndGlobal
